uuid: 98515840-012e-4f2a-81d0-a9bf24c650d9
langcode: en
status: true
dependencies:
  module:
    - mars_common
  theme:
    - emulsifymars
id: marsfreeformstoryblock
theme: emulsifymars
region: content
weight: 0
provider: null
plugin: freeform_story_block
settings:
  id: freeform_story_block
  label: 'MARS: Freeform Story Block'
  provider: mars_common
  label_display: ''
  block_aligned: left_aligned
  header_1: 'Header 1'
  header_2: ''
  body: ''
  background_shape: 0
visibility: {  }
