uuid: 45f3fa8c-d6a1-4594-a1fd-9b9412dea86a
langcode: en
status: true
dependencies:
  module:
    - mars_common
  theme:
    - emulsifymars
id: marsheaderblock
theme: emulsifymars
region: header
weight: -2
provider: null
plugin: header_block
settings:
  id: header_block
  label: 'MARS: Header block'
  provider: mars_common
  label_display: '0'
  primary_menu: main
  secondary_menu: top-footer
  search_block: 1
  language_selector: 1
  alert_banner:
    value: 'Give the gift of pleasure this Valentine’s Day with the Twix Signature Collection'
    format: plain_text
visibility: {  }
