langcode: en
status: true
dependencies:
  module:
    - mars_newsletter
  theme:
    - emulsifymars
id: marsnewsletteremailsignupformblock
theme: emulsifymars
region: header
weight: 0
provider: null
plugin: newsletter_email_form_block
settings:
  id: newsletter_email_form_block
  label: 'Mars Newsletter Email Signup Form Block'
  provider: mars_newsletter
  label_display: ''
  title: ''
visibility: {  }
